// !$*UTF8*$!
{
	archiveVersion = 1;
	classes = {
	};
	objectVersion = 56;
	objects = {

/* Begin PBXBuildFile section */
		422740712C3BF4DC00E7522C /* RelayanceApp.swift in Sources */ = {isa = PBXBuildFile; fileRef = 422740702C3BF4DC00E7522C /* RelayanceApp.swift */; };
		422740752C3BF4DD00E7522C /* Assets.xcassets in Resources */ = {isa = PBXBuildFile; fileRef = 422740742C3BF4DD00E7522C /* Assets.xcassets */; };
		422740782C3BF4DD00E7522C /* Preview Assets.xcassets in Resources */ = {isa = PBXBuildFile; fileRef = 422740772C3BF4DD00E7522C /* Preview Assets.xcassets */; };
		422740822C3BF4DD00E7522C /* RelayanceTests.swift in Sources */ = {isa = PBXBuildFile; fileRef = 422740812C3BF4DD00E7522C /* RelayanceTests.swift */; };
		4227408C2C3BF4DD00E7522C /* RelayanceUITests.swift in Sources */ = {isa = PBXBuildFile; fileRef = 4227408B2C3BF4DD00E7522C /* RelayanceUITests.swift */; };
		4227408E2C3BF4DD00E7522C /* RelayanceUITestsLaunchTests.swift in Sources */ = {isa = PBXBuildFile; fileRef = 4227408D2C3BF4DD00E7522C /* RelayanceUITestsLaunchTests.swift */; };
		422740ED2C3ECCF900E7522C /* Model.swift in Sources */ = {isa = PBXBuildFile; fileRef = 422740EC2C3ECCF900E7522C /* Model.swift */; };
		422740EF2C3ECD1500E7522C /* DateExtension.swift in Sources */ = {isa = PBXBuildFile; fileRef = 422740EE2C3ECD1500E7522C /* DateExtension.swift */; };
		422740F52C3ECFCA00E7522C /* ListClientsView.swift in Sources */ = {isa = PBXBuildFile; fileRef = 422740F42C3ECFCA00E7522C /* ListClientsView.swift */; };
		422740F72C3ECFD600E7522C /* ModelData.swift in Sources */ = {isa = PBXBuildFile; fileRef = 422740F62C3ECFD600E7522C /* ModelData.swift */; };
		422740F92C3ED02400E7522C /* Source.json in Resources */ = {isa = PBXBuildFile; fileRef = 422740F82C3ED02400E7522C /* Source.json */; };
		422740FB2C3ED0EE00E7522C /* DetailClientView.swift in Sources */ = {isa = PBXBuildFile; fileRef = 422740FA2C3ED0EE00E7522C /* DetailClientView.swift */; };
		422740FD2C3ED18D00E7522C /* AjoutClientView.swift in Sources */ = {isa = PBXBuildFile; fileRef = 422740FC2C3ED18D00E7522C /* AjoutClientView.swift */; };
		9A7027272EFAD96500398379 /* ClientTests.swift in Sources */ = {isa = PBXBuildFile; fileRef = 9A7027262EFAD96500398379 /* ClientTests.swift */; };
/* End PBXBuildFile section */

/* Begin PBXContainerItemProxy section */
		4227407E2C3BF4DD00E7522C /* PBXContainerItemProxy */ = {
			isa = PBXContainerItemProxy;
			containerPortal = 422740652C3BF4DC00E7522C /* Project object */;
			proxyType = 1;
			remoteGlobalIDString = 4227406C2C3BF4DC00E7522C;
			remoteInfo = Relayance;
		};
		422740882C3BF4DD00E7522C /* PBXContainerItemProxy */ = {
			isa = PBXContainerItemProxy;
			containerPortal = 422740652C3BF4DC00E7522C /* Project object */;
			proxyType = 1;
			remoteGlobalIDString = 4227406C2C3BF4DC00E7522C;
			remoteInfo = Relayance;
		};
/* End PBXContainerItemProxy section */

/* Begin PBXFileReference section */
		4227406D2C3BF4DC00E7522C /* Relayance.app */ = {isa = PBXFileReference; explicitFileType = wrapper.application; includeInIndex = 0; path = Relayance.app; sourceTree = BUILT_PRODUCTS_DIR; };
		422740702C3BF4DC00E7522C /* RelayanceApp.swift */ = {isa = PBXFileReference; lastKnownFileType = sourcecode.swift; path = RelayanceApp.swift; sourceTree = "<group>"; };
		422740742C3BF4DD00E7522C /* Assets.xcassets */ = {isa = PBXFileReference; lastKnownFileType = folder.assetcatalog; path = Assets.xcassets; sourceTree = "<group>"; };
		422740772C3BF4DD00E7522C /* Preview Assets.xcassets */ = {isa = PBXFileReference; lastKnownFileType = folder.assetcatalog; path = "Preview Assets.xcassets"; sourceTree = "<group>"; };
		4227407D2C3BF4DD00E7522C /* RelayanceTests.xctest */ = {isa = PBXFileReference; explicitFileType = wrapper.cfbundle; includeInIndex = 0; path = RelayanceTests.xctest; sourceTree = BUILT_PRODUCTS_DIR; };
		422740812C3BF4DD00E7522C /* RelayanceTests.swift */ = {isa = PBXFileReference; lastKnownFileType = sourcecode.swift; path = RelayanceTests.swift; sourceTree = "<group>"; };
		422740872C3BF4DD00E7522C /* RelayanceUITests.xctest */ = {isa = PBXFileReference; explicitFileType = wrapper.cfbundle; includeInIndex = 0; path = RelayanceUITests.xctest; sourceTree = BUILT_PRODUCTS_DIR; };
		4227408B2C3BF4DD00E7522C /* RelayanceUITests.swift */ = {isa = PBXFileReference; lastKnownFileType = sourcecode.swift; path = RelayanceUITests.swift; sourceTree = "<group>"; };
		4227408D2C3BF4DD00E7522C /* RelayanceUITestsLaunchTests.swift */ = {isa = PBXFileReference; lastKnownFileType = sourcecode.swift; path = RelayanceUITestsLaunchTests.swift; sourceTree = "<group>"; };
		422740EC2C3ECCF900E7522C /* Model.swift */ = {isa = PBXFileReference; lastKnownFileType = sourcecode.swift; path = Model.swift; sourceTree = "<group>"; };
		422740EE2C3ECD1500E7522C /* DateExtension.swift */ = {isa = PBXFileReference; lastKnownFileType = sourcecode.swift; path = DateExtension.swift; sourceTree = "<group>"; };
		422740F42C3ECFCA00E7522C /* ListClientsView.swift */ = {isa = PBXFileReference; lastKnownFileType = sourcecode.swift; path = ListClientsView.swift; sourceTree = "<group>"; };
		422740F62C3ECFD600E7522C /* ModelData.swift */ = {isa = PBXFileReference; lastKnownFileType = sourcecode.swift; path = ModelData.swift; sourceTree = "<group>"; };
		422740F82C3ED02400E7522C /* Source.json */ = {isa = PBXFileReference; lastKnownFileType = text.json; path = Source.json; sourceTree = "<group>"; };
		422740FA2C3ED0EE00E7522C /* DetailClientView.swift */ = {isa = PBXFileReference; lastKnownFileType = sourcecode.swift; path = DetailClientView.swift; sourceTree = "<group>"; };
		422740FC2C3ED18D00E7522C /* AjoutClientView.swift */ = {isa = PBXFileReference; lastKnownFileType = sourcecode.swift; path = AjoutClientView.swift; sourceTree = "<group>"; };
		9A7027262EFAD96500398379 /* ClientTests.swift */ = {isa = PBXFileReference; lastKnownFileType = sourcecode.swift; path = ClientTests.swift; sourceTree = "<group>"; };
/* End PBXFileReference section */

/* Begin PBXFrameworksBuildPhase section */
		4227406A2C3BF4DC00E7522C /* Frameworks */ = {
			isa = PBXFrameworksBuildPhase;
			buildActionMask = 2147483647;
			files = (
			);
			runOnlyForDeploymentPostprocessing = 0;
		};
		4227407A2C3BF4DD00E7522C /* Frameworks */ = {
			isa = PBXFrameworksBuildPhase;
			buildActionMask = 2147483647;
			files = (
			);
			runOnlyForDeploymentPostprocessing = 0;
		};
		422740842C3BF4DD00E7522C /* Frameworks */ = {
			isa = PBXFrameworksBuildPhase;
			buildActionMask = 2147483647;
			files = (
			);
			runOnlyForDeploymentPostprocessing = 0;
		};
/* End PBXFrameworksBuildPhase section */

/* Begin PBXGroup section */
		422740642C3BF4DC00E7522C = {
			isa = PBXGroup;
			children = (
				4227406F2C3BF4DC00E7522C /* Relayance */,
				422740802C3BF4DD00E7522C /* RelayanceTests */,
				4227408A2C3BF4DD00E7522C /* RelayanceUITests */,
				4227406E2C3BF4DC00E7522C /* Products */,
			);
			sourceTree = "<group>";
		};
		4227406E2C3BF4DC00E7522C /* Products */ = {
			isa = PBXGroup;
			children = (
				4227406D2C3BF4DC00E7522C /* Relayance.app */,
				4227407D2C3BF4DD00E7522C /* RelayanceTests.xctest */,
				422740872C3BF4DD00E7522C /* RelayanceUITests.xctest */,
			);
			name = Products;
			sourceTree = "<group>";
		};
		4227406F2C3BF4DC00E7522C /* Relayance */ = {
			isa = PBXGroup;
			children = (
				422740EC2C3ECCF900E7522C /* Model.swift */,
				422740EE2C3ECD1500E7522C /* DateExtension.swift */,
				422740702C3BF4DC00E7522C /* RelayanceApp.swift */,
				422740742C3BF4DD00E7522C /* Assets.xcassets */,
				422740762C3BF4DD00E7522C /* Preview Content */,
				422740F42C3ECFCA00E7522C /* ListClientsView.swift */,
				422740F62C3ECFD600E7522C /* ModelData.swift */,
				422740F82C3ED02400E7522C /* Source.json */,
				422740FA2C3ED0EE00E7522C /* DetailClientView.swift */,
				422740FC2C3ED18D00E7522C /* AjoutClientView.swift */,
			);
			path = Relayance;
			sourceTree = "<group>";
		};
		422740762C3BF4DD00E7522C /* Preview Content */ = {
			isa = PBXGroup;
			children = (
				422740772C3BF4DD00E7522C /* Preview Assets.xcassets */,
			);
			path = "Preview Content";
			sourceTree = "<group>";
		};
		422740802C3BF4DD00E7522C /* RelayanceTests */ = {
			isa = PBXGroup;
			children = (
				422740812C3BF4DD00E7522C /* RelayanceTests.swift */,
				9A7027262EFAD96500398379 /* ClientTests.swift */,
			);
			path = RelayanceTests;
			sourceTree = "<group>";
		};
		4227408A2C3BF4DD00E7522C /* RelayanceUITests */ = {
			isa = PBXGroup;
			children = (
				4227408B2C3BF4DD00E7522C /* RelayanceUITests.swift */,
				4227408D2C3BF4DD00E7522C /* RelayanceUITestsLaunchTests.swift */,
			);
			path = RelayanceUITests;
			sourceTree = "<group>";
		};
/* End PBXGroup section */

/* Begin PBXNativeTarget section */
		4227406C2C3BF4DC00E7522C /* Relayance */ = {
			isa = PBXNativeTarget;
			buildConfigurationList = 422740912C3BF4DD00E7522C /* Build configuration list for PBXNativeTarget "Relayance" */;
			buildPhases = (
				422740692C3BF4DC00E7522C /* Sources */,
				4227406A2C3BF4DC00E7522C /* Frameworks */,
				4227406B2C3BF4DC00E7522C /* Resources */,
			);
			buildRules = (
			);
			dependencies = (
			);
			name = Relayance;
			productName = Relayance;
			productReference = 4227406D2C3BF4DC00E7522C /* Relayance.app */;
			productType = "com.apple.product-type.application";
		};
		4227407C2C3BF4DD00E7522C /* RelayanceTests */ = {
			isa = PBXNativeTarget;
			buildConfigurationList = 422740942C3BF4DD00E7522C /* Build configuration list for PBXNativeTarget "RelayanceTests" */;
			buildPhases = (
				422740792C3BF4DD00E7522C /* Sources */,
				4227407A2C3BF4DD00E7522C /* Frameworks */,
				4227407B2C3BF4DD00E7522C /* Resources */,
			);
			buildRules = (
			);
			dependencies = (
				4227407F2C3BF4DD00E7522C /* PBXTargetDependency */,
			);
			name = RelayanceTests;
			productName = RelayanceTests;
			productReference = 4227407D2C3BF4DD00E7522C /* RelayanceTests.xctest */;
			productType = "com.apple.product-type.bundle.unit-test";
		};
		422740862C3BF4DD00E7522C /* RelayanceUITests */ = {
			isa = PBXNativeTarget;
			buildConfigurationList = 422740972C3BF4DD00E7522C /* Build configuration list for PBXNativeTarget "RelayanceUITests" */;
			buildPhases = (
				422740832C3BF4DD00E7522C /* Sources */,
				422740842C3BF4DD00E7522C /* Frameworks */,
				422740852C3BF4DD00E7522C /* Resources */,
			);
			buildRules = (
			);
			dependencies = (
				422740892C3BF4DD00E7522C /* PBXTargetDependency */,
			);
			name = RelayanceUITests;
			productName = RelayanceUITests;
			productReference = 422740872C3BF4DD00E7522C /* RelayanceUITests.xctest */;
			productType = "com.apple.product-type.bundle.ui-testing";
		};
/* End PBXNativeTarget section */

/* Begin PBXProject section */
		422740652C3BF4DC00E7522C /* Project object */ = {
			isa = PBXProject;
			attributes = {
				BuildIndependentTargetsInParallel = 1;
				LastSwiftUpdateCheck = 1540;
				LastUpgradeCheck = 1540;
				TargetAttributes = {
					4227406C2C3BF4DC00E7522C = {
						CreatedOnToolsVersion = 15.4;
					};
					4227407C2C3BF4DD00E7522C = {
						CreatedOnToolsVersion = 15.4;
						TestTargetID = 4227406C2C3BF4DC00E7522C;
					};
					422740862C3BF4DD00E7522C = {
						CreatedOnToolsVersion = 15.4;
						TestTargetID = 4227406C2C3BF4DC00E7522C;
					};
				};
			};
			buildConfigurationList = 422740682C3BF4DC00E7522C /* Build configuration list for PBXProject "Relayance" */;
			compatibilityVersion = "Xcode 14.0";
			developmentRegion = en;
			hasScannedForEncodings = 0;
			knownRegions = (
				en,
				Base,
			);
			mainGroup = 422740642C3BF4DC00E7522C;
			productRefGroup = 4227406E2C3BF4DC00E7522C /* Products */;
			projectDirPath = "";
			projectRoot = "";
			targets = (
				4227406C2C3BF4DC00E7522C /* Relayance */,
				4227407C2C3BF4DD00E7522C /* RelayanceTests */,
				422740862C3BF4DD00E7522C /* RelayanceUITests */,
			);
		};
/* End PBXProject section */

/* Begin PBXResourcesBuildPhase section */
		4227406B2C3BF4DC00E7522C /* Resources */ = {
			isa = PBXResourcesBuildPhase;
			buildActionMask = 2147483647;
			files = (
				422740782C3BF4DD00E7522C /* Preview Assets.xcassets in Resources */,
				422740F92C3ED02400E7522C /* Source.json in Resources */,
				422740752C3BF4DD00E7522C /* Assets.xcassets in Resources */,
			);
			runOnlyForDeploymentPostprocessing = 0;
		};
		4227407B2C3BF4DD00E7522C /* Resources */ = {
			isa = PBXResourcesBuildPhase;
			buildActionMask = 2147483647;
			files = (
			);
			runOnlyForDeploymentPostprocessing = 0;
		};
		422740852C3BF4DD00E7522C /* Resources */ = {
			isa = PBXResourcesBuildPhase;
			buildActionMask = 2147483647;
			files = (
			);
			runOnlyForDeploymentPostprocessing = 0;
		};
/* End PBXResourcesBuildPhase section */

/* Begin PBXSourcesBuildPhase section */
		422740692C3BF4DC00E7522C /* Sources */ = {
			isa = PBXSourcesBuildPhase;
			buildActionMask = 2147483647;
			files = (
				422740F52C3ECFCA00E7522C /* ListClientsView.swift in Sources */,
				422740ED2C3ECCF900E7522C /* Model.swift in Sources */,
				422740FB2C3ED0EE00E7522C /* DetailClientView.swift in Sources */,
				422740EF2C3ECD1500E7522C /* DateExtension.swift in Sources */,
				422740FD2C3ED18D00E7522C /* AjoutClientView.swift in Sources */,
				422740712C3BF4DC00E7522C /* RelayanceApp.swift in Sources */,
				422740F72C3ECFD600E7522C /* ModelData.swift in Sources */,
			);
			runOnlyForDeploymentPostprocessing = 0;
		};
		422740792C3BF4DD00E7522C /* Sources */ = {
			isa = PBXSourcesBuildPhase;
			buildActionMask = 2147483647;
			files = (
				9A7027272EFAD96500398379 /* ClientTests.swift in Sources */,
				422740822C3BF4DD00E7522C /* RelayanceTests.swift in Sources */,
			);
			runOnlyForDeploymentPostprocessing = 0;
		};
		422740832C3BF4DD00E7522C /* Sources */ = {
			isa = PBXSourcesBuildPhase;
			buildActionMask = 2147483647;
			files = (
				4227408C2C3BF4DD00E7522C /* RelayanceUITests.swift in Sources */,
				4227408E2C3BF4DD00E7522C /* RelayanceUITestsLaunchTests.swift in Sources */,
			);
			runOnlyForDeploymentPostprocessing = 0;
		};
/* End PBXSourcesBuildPhase section */

/* Begin PBXTargetDependency section */
		4227407F2C3BF4DD00E7522C /* PBXTargetDependency */ = {
			isa = PBXTargetDependency;
			target = 4227406C2C3BF4DC00E7522C /* Relayance */;
			targetProxy = 4227407E2C3BF4DD00E7522C /* PBXContainerItemProxy */;
		};
		422740892C3BF4DD00E7522C /* PBXTargetDependency */ = {
			isa = PBXTargetDependency;
			target = 4227406C2C3BF4DC00E7522C /* Relayance */;
			targetProxy = 422740882C3BF4DD00E7522C /* PBXContainerItemProxy */;
		};
/* End PBXTargetDependency section */

/* Begin XCBuildConfiguration section */
		4227408F2C3BF4DD00E7522C /* Debug */ = {
			isa = XCBuildConfiguration;
			buildSettings = {
				ALWAYS_SEARCH_USER_PATHS = NO;
				ASSETCATALOG_COMPILER_GENERATE_SWIFT_ASSET_SYMBOL_EXTENSIONS = YES;
				CLANG_ANALYZER_NONNULL = YES;
				CLANG_ANALYZER_NUMBER_OBJECT_CONVERSION = YES_AGGRESSIVE;
				CLANG_CXX_LANGUAGE_STANDARD = "gnu++20";
				CLANG_ENABLE_MODULES = YES;
				CLANG_ENABLE_OBJC_ARC = YES;
				CLANG_ENABLE_OBJC_WEAK = YES;
				CLANG_WARN_BLOCK_CAPTURE_AUTORELEASING = YES;
				CLANG_WARN_BOOL_CONVERSION = YES;
				CLANG_WARN_COMMA = YES;
				CLANG_WARN_CONSTANT_CONVERSION = YES;
				CLANG_WARN_DEPRECATED_OBJC_IMPLEMENTATIONS = YES;
				CLANG_WARN_DIRECT_OBJC_ISA_USAGE = YES_ERROR;
				CLANG_WARN_DOCUMENTATION_COMMENTS = YES;
				CLANG_WARN_EMPTY_BODY = YES;
				CLANG_WARN_ENUM_CONVERSION = YES;
				CLANG_WARN_INFINITE_RECURSION = YES;
				CLANG_WARN_INT_CONVERSION = YES;
				CLANG_WARN_NON_LITERAL_NULL_CONVERSION = YES;
				CLANG_WARN_OBJC_IMPLICIT_RETAIN_SELF = YES;
				CLANG_WARN_OBJC_LITERAL_CONVERSION = YES;
				CLANG_WARN_OBJC_ROOT_CLASS = YES_ERROR;
				CLANG_WARN_QUOTED_INCLUDE_IN_FRAMEWORK_HEADER = YES;
				CLANG_WARN_RANGE_LOOP_ANALYSIS = YES;
				CLANG_WARN_STRICT_PROTOTYPES = YES;
				CLANG_WARN_SUSPICIOUS_MOVE = YES;
				CLANG_WARN_UNGUARDED_AVAILABILITY = YES_AGGRESSIVE;
				CLANG_WARN_UNREACHABLE_CODE = YES;
				CLANG_WARN__DUPLICATE_METHOD_MATCH = YES;
				COPY_PHASE_STRIP = NO;
				DEBUG_INFORMATION_FORMAT = dwarf;
				ENABLE_STRICT_OBJC_MSGSEND = YES;
				ENABLE_TESTABILITY = YES;
				ENABLE_USER_SCRIPT_SANDBOXING = YES;
				GCC_C_LANGUAGE_STANDARD = gnu17;
				GCC_DYNAMIC_NO_PIC = NO;
				GCC_NO_COMMON_BLOCKS = YES;
				GCC_OPTIMIZATION_LEVEL = 0;
				GCC_PREPROCESSOR_DEFINITIONS = (
					"DEBUG=1",
					"$(inherited)",
				);
				GCC_WARN_64_TO_32_BIT_CONVERSION = YES;
				GCC_WARN_ABOUT_RETURN_TYPE = YES_ERROR;
				GCC_WARN_UNDECLARED_SELECTOR = YES;
				GCC_WARN_UNINITIALIZED_AUTOS = YES_AGGRESSIVE;
				GCC_WARN_UNUSED_FUNCTION = YES;
				GCC_WARN_UNUSED_VARIABLE = YES;
				IPHONEOS_DEPLOYMENT_TARGET = 17.5;
				LOCALIZATION_PREFERS_STRING_CATALOGS = YES;
				MTL_ENABLE_DEBUG_INFO = INCLUDE_SOURCE;
				MTL_FAST_MATH = YES;
				ONLY_ACTIVE_ARCH = YES;
				SDKROOT = iphoneos;
				SWIFT_ACTIVE_COMPILATION_CONDITIONS = "DEBUG $(inherited)";
				SWIFT_OPTIMIZATION_LEVEL = "-Onone";
			};
			name = Debug;
		};
		422740902C3BF4DD00E7522C /* Release */ = {
			isa = XCBuildConfiguration;
			buildSettings = {
				ALWAYS_SEARCH_USER_PATHS = NO;
				ASSETCATALOG_COMPILER_GENERATE_SWIFT_ASSET_SYMBOL_EXTENSIONS = YES;
				CLANG_ANALYZER_NONNULL = YES;
				CLANG_ANALYZER_NUMBER_OBJECT_CONVERSION = YES_AGGRESSIVE;
				CLANG_CXX_LANGUAGE_STANDARD = "gnu++20";
				CLANG_ENABLE_MODULES = YES;
				CLANG_ENABLE_OBJC_ARC = YES;
				CLANG_ENABLE_OBJC_WEAK = YES;
				CLANG_WARN_BLOCK_CAPTURE_AUTORELEASING = YES;
				CLANG_WARN_BOOL_CONVERSION = YES;
				CLANG_WARN_COMMA = YES;
				CLANG_WARN_CONSTANT_CONVERSION = YES;
				CLANG_WARN_DEPRECATED_OBJC_IMPLEMENTATIONS = YES;
				CLANG_WARN_DIRECT_OBJC_ISA_USAGE = YES_ERROR;
				CLANG_WARN_DOCUMENTATION_COMMENTS = YES;
				CLANG_WARN_EMPTY_BODY = YES;
				CLANG_WARN_ENUM_CONVERSION = YES;
				CLANG_WARN_INFINITE_RECURSION = YES;
				CLANG_WARN_INT_CONVERSION = YES;
				CLANG_WARN_NON_LITERAL_NULL_CONVERSION = YES;
				CLANG_WARN_OBJC_IMPLICIT_RETAIN_SELF = YES;
				CLANG_WARN_OBJC_LITERAL_CONVERSION = YES;
				CLANG_WARN_OBJC_ROOT_CLASS = YES_ERROR;
				CLANG_WARN_QUOTED_INCLUDE_IN_FRAMEWORK_HEADER = YES;
				CLANG_WARN_RANGE_LOOP_ANALYSIS = YES;
				CLANG_WARN_STRICT_PROTOTYPES = YES;
				CLANG_WARN_SUSPICIOUS_MOVE = YES;
				CLANG_WARN_UNGUARDED_AVAILABILITY = YES_AGGRESSIVE;
				CLANG_WARN_UNREACHABLE_CODE = YES;
				CLANG_WARN__DUPLICATE_METHOD_MATCH = YES;
				COPY_PHASE_STRIP = NO;
				DEBUG_INFORMATION_FORMAT = "dwarf-with-dsym";
				ENABLE_NS_ASSERTIONS = NO;
				ENABLE_STRICT_OBJC_MSGSEND = YES;
				ENABLE_USER_SCRIPT_SANDBOXING = YES;
				GCC_C_LANGUAGE_STANDARD = gnu17;
				GCC_NO_COMMON_BLOCKS = YES;
				GCC_WARN_64_TO_32_BIT_CONVERSION = YES;
				GCC_WARN_ABOUT_RETURN_TYPE = YES_ERROR;
				GCC_WARN_UNDECLARED_SELECTOR = YES;
				GCC_WARN_UNINITIALIZED_AUTOS = YES_AGGRESSIVE;
				GCC_WARN_UNUSED_FUNCTION = YES;
				GCC_WARN_UNUSED_VARIABLE = YES;
				IPHONEOS_DEPLOYMENT_TARGET = 17.5;
				LOCALIZATION_PREFERS_STRING_CATALOGS = YES;
				MTL_ENABLE_DEBUG_INFO = NO;
				MTL_FAST_MATH = YES;
				SDKROOT = iphoneos;
				SWIFT_COMPILATION_MODE = wholemodule;
				VALIDATE_PRODUCT = YES;
			};
			name = Release;
		};
		422740922C3BF4DD00E7522C /* Debug */ = {
			isa = XCBuildConfiguration;
			buildSettings = {
				ASSETCATALOG_COMPILER_APPICON_NAME = AppIcon;
				ASSETCATALOG_COMPILER_GLOBAL_ACCENT_COLOR_NAME = AccentColor;
				CODE_SIGN_STYLE = Automatic;
				CURRENT_PROJECT_VERSION = 1;
				DEVELOPMENT_ASSET_PATHS = "\"Relayance/Preview Content\"";
				DEVELOPMENT_TEAM = 6FH7WNJPHQ;
				ENABLE_PREVIEWS = YES;
				GENERATE_INFOPLIST_FILE = YES;
				INFOPLIST_KEY_UIApplicationSceneManifest_Generation = YES;
				INFOPLIST_KEY_UIApplicationSupportsIndirectInputEvents = YES;
				INFOPLIST_KEY_UILaunchScreen_Generation = YES;
				INFOPLIST_KEY_UISupportedInterfaceOrientations_iPad = "UIInterfaceOrientationPortrait UIInterfaceOrientationPortraitUpsideDown UIInterfaceOrientationLandscapeLeft UIInterfaceOrientationLandscapeRight";
				INFOPLIST_KEY_UISupportedInterfaceOrientations_iPhone = "UIInterfaceOrientationPortrait UIInterfaceOrientationLandscapeLeft UIInterfaceOrientationLandscapeRight";
				LD_RUNPATH_SEARCH_PATHS = (
					"$(inherited)",
					"@executable_path/Frameworks",
				);
				MARKETING_VERSION = 1.0;
				PRODUCT_BUNDLE_IDENTIFIER = com.amandinecousin.Relayance;
				PRODUCT_NAME = "$(TARGET_NAME)";
				SWIFT_EMIT_LOC_STRINGS = YES;
				SWIFT_VERSION = 5.0;
				TARGETED_DEVICE_FAMILY = "1,2";
			};
			name = Debug;
		};
		422740932C3BF4DD00E7522C /* Release */ = {
			isa = XCBuildConfiguration;
			buildSettings = {
				ASSETCATALOG_COMPILER_APPICON_NAME = AppIcon;
				ASSETCATALOG_COMPILER_GLOBAL_ACCENT_COLOR_NAME = AccentColor;
				CODE_SIGN_STYLE = Automatic;
				CURRENT_PROJECT_VERSION = 1;
				DEVELOPMENT_ASSET_PATHS = "\"Relayance/Preview Content\"";
				DEVELOPMENT_TEAM = 6FH7WNJPHQ;
				ENABLE_PREVIEWS = YES;
				GENERATE_INFOPLIST_FILE = YES;
				INFOPLIST_KEY_UIApplicationSceneManifest_Generation = YES;
				INFOPLIST_KEY_UIApplicationSupportsIndirectInputEvents = YES;
				INFOPLIST_KEY_UILaunchScreen_Generation = YES;
				INFOPLIST_KEY_UISupportedInterfaceOrientations_iPad = "UIInterfaceOrientationPortrait UIInterfaceOrientationPortraitUpsideDown UIInterfaceOrientationLandscapeLeft UIInterfaceOrientationLandscapeRight";
				INFOPLIST_KEY_UISupportedInterfaceOrientations_iPhone = "UIInterfaceOrientationPortrait UIInterfaceOrientationLandscapeLeft UIInterfaceOrientationLandscapeRight";
				LD_RUNPATH_SEARCH_PATHS = (
					"$(inherited)",
					"@executable_path/Frameworks",
				);
				MARKETING_VERSION = 1.0;
				PRODUCT_BUNDLE_IDENTIFIER = com.amandinecousin.Relayance;
				PRODUCT_NAME = "$(TARGET_NAME)";
				SWIFT_EMIT_LOC_STRINGS = YES;
				SWIFT_VERSION = 5.0;
				TARGETED_DEVICE_FAMILY = "1,2";
			};
			name = Release;
		};
		422740952C3BF4DD00E7522C /* Debug */ = {
			isa = XCBuildConfiguration;
			buildSettings = {
				ALWAYS_EMBED_SWIFT_STANDARD_LIBRARIES = YES;
				BUNDLE_LOADER = "$(TEST_HOST)";
				CODE_SIGN_STYLE = Automatic;
				CURRENT_PROJECT_VERSION = 1;
				DEVELOPMENT_TEAM = 6FH7WNJPHQ;
				GENERATE_INFOPLIST_FILE = YES;
				IPHONEOS_DEPLOYMENT_TARGET = 17.5;
				MARKETING_VERSION = 1.0;
				PRODUCT_BUNDLE_IDENTIFIER = com.amandinecousin.RelayanceTests;
				PRODUCT_NAME = "$(TARGET_NAME)";
				SWIFT_EMIT_LOC_STRINGS = NO;
				SWIFT_VERSION = 5.0;
				TARGETED_DEVICE_FAMILY = "1,2";
				TEST_HOST = "$(BUILT_PRODUCTS_DIR)/Relayance.app/$(BUNDLE_EXECUTABLE_FOLDER_PATH)/Relayance";
			};
			name = Debug;
		};
		422740962C3BF4DD00E7522C /* Release */ = {
			isa = XCBuildConfiguration;
			buildSettings = {
				ALWAYS_EMBED_SWIFT_STANDARD_LIBRARIES = YES;
				BUNDLE_LOADER = "$(TEST_HOST)";
				CODE_SIGN_STYLE = Automatic;
				CURRENT_PROJECT_VERSION = 1;
				DEVELOPMENT_TEAM = 6FH7WNJPHQ;
				GENERATE_INFOPLIST_FILE = YES;
				IPHONEOS_DEPLOYMENT_TARGET = 17.5;
				MARKETING_VERSION = 1.0;
				PRODUCT_BUNDLE_IDENTIFIER = com.amandinecousin.RelayanceTests;
				PRODUCT_NAME = "$(TARGET_NAME)";
				SWIFT_EMIT_LOC_STRINGS = NO;
				SWIFT_VERSION = 5.0;
				TARGETED_DEVICE_FAMILY = "1,2";
				TEST_HOST = "$(BUILT_PRODUCTS_DIR)/Relayance.app/$(BUNDLE_EXECUTABLE_FOLDER_PATH)/Relayance";
			};
			name = Release;
		};
		422740982C3BF4DD00E7522C /* Debug */ = {
			isa = XCBuildConfiguration;
			buildSettings = {
				ALWAYS_EMBED_SWIFT_STANDARD_LIBRARIES = YES;
				CODE_SIGN_STYLE = Automatic;
				CURRENT_PROJECT_VERSION = 1;
				DEVELOPMENT_TEAM = 6FH7WNJPHQ;
				GENERATE_INFOPLIST_FILE = YES;
				MARKETING_VERSION = 1.0;
				PRODUCT_BUNDLE_IDENTIFIER = com.amandinecousin.RelayanceUITests;
				PRODUCT_NAME = "$(TARGET_NAME)";
				SWIFT_EMIT_LOC_STRINGS = NO;
				SWIFT_VERSION = 5.0;
				TARGETED_DEVICE_FAMILY = "1,2";
				TEST_TARGET_NAME = Relayance;
			};
			name = Debug;
		};
		422740992C3BF4DD00E7522C /* Release */ = {
			isa = XCBuildConfiguration;
			buildSettings = {
				ALWAYS_EMBED_SWIFT_STANDARD_LIBRARIES = YES;
				CODE_SIGN_STYLE = Automatic;
				CURRENT_PROJECT_VERSION = 1;
				DEVELOPMENT_TEAM = 6FH7WNJPHQ;
				GENERATE_INFOPLIST_FILE = YES;
				MARKETING_VERSION = 1.0;
				PRODUCT_BUNDLE_IDENTIFIER = com.amandinecousin.RelayanceUITests;
				PRODUCT_NAME = "$(TARGET_NAME)";
				SWIFT_EMIT_LOC_STRINGS = NO;
				SWIFT_VERSION = 5.0;
				TARGETED_DEVICE_FAMILY = "1,2";
				TEST_TARGET_NAME = Relayance;
			};
			name = Release;
		};
/* End XCBuildConfiguration section */

/* Begin XCConfigurationList section */
		422740682C3BF4DC00E7522C /* Build configuration list for PBXProject "Relayance" */ = {
			isa = XCConfigurationList;
			buildConfigurations = (
				4227408F2C3BF4DD00E7522C /* Debug */,
				422740902C3BF4DD00E7522C /* Release */,
			);
			defaultConfigurationIsVisible = 0;
			defaultConfigurationName = Release;
		};
		422740912C3BF4DD00E7522C /* Build configuration list for PBXNativeTarget "Relayance" */ = {
			isa = XCConfigurationList;
			buildConfigurations = (
				422740922C3BF4DD00E7522C /* Debug */,
				422740932C3BF4DD00E7522C /* Release */,
			);
			defaultConfigurationIsVisible = 0;
			defaultConfigurationName = Release;
		};
		422740942C3BF4DD00E7522C /* Build configuration list for PBXNativeTarget "RelayanceTests" */ = {
			isa = XCConfigurationList;
			buildConfigurations = (
				422740952C3BF4DD00E7522C /* Debug */,
				422740962C3BF4DD00E7522C /* Release */,
			);
			defaultConfigurationIsVisible = 0;
			defaultConfigurationName = Release;
		};
		422740972C3BF4DD00E7522C /* Build configuration list for PBXNativeTarget "RelayanceUITests" */ = {
			isa = XCConfigurationList;
			buildConfigurations = (
				422740982C3BF4DD00E7522C /* Debug */,
				422740992C3BF4DD00E7522C /* Release */,
			);
			defaultConfigurationIsVisible = 0;
			defaultConfigurationName = Release;
		};
/* End XCConfigurationList section */
	};
	rootObject = 422740652C3BF4DC00E7522C /* Project object */;
}
